// !$*UTF8*$!
{
	archiveVersion = 1;
	classes = {
	};
	objectVersion = 50;
	objects = {

/* Begin PBXBuildFile section */
		24260AB123DA87C100A0CB7F /* AppDelegate.swift in Sources */ = {isa = PBXBuildFile; fileRef = 24260AB023DA87C100A0CB7F /* AppDelegate.swift */; };
		24260AB323DA87C100A0CB7F /* SceneDelegate.swift in Sources */ = {isa = PBXBuildFile; fileRef = 24260AB223DA87C100A0CB7F /* SceneDelegate.swift */; };
		24260AB523DA87C100A0CB7F /* ViewController.swift in Sources */ = {isa = PBXBuildFile; fileRef = 24260AB423DA87C100A0CB7F /* ViewController.swift */; };
		24260AB823DA87C100A0CB7F /* Main.storyboard in Resources */ = {isa = PBXBuildFile; fileRef = 24260AB623DA87C100A0CB7F /* Main.storyboard */; };
		24260ABA23DA87C200A0CB7F /* Assets.xcassets in Resources */ = {isa = PBXBuildFile; fileRef = 24260AB923DA87C200A0CB7F /* Assets.xcassets */; };
		24260ABD23DA87C200A0CB7F /* LaunchScreen.storyboard in Resources */ = {isa = PBXBuildFile; fileRef = 24260ABB23DA87C200A0CB7F /* LaunchScreen.storyboard */; };
		24260AC823DA87C300A0CB7F /* tipCalculatorTests.swift in Sources */ = {isa = PBXBuildFile; fileRef = 24260AC723DA87C300A0CB7F /* tipCalculatorTests.swift */; };
		24260AD323DA87C300A0CB7F /* tipCalculatorUITests.swift in Sources */ = {isa = PBXBuildFile; fileRef = 24260AD223DA87C300A0CB7F /* tipCalculatorUITests.swift */; };
/* End PBXBuildFile section */

/* Begin PBXContainerItemProxy section */
		24260AC423DA87C300A0CB7F /* PBXContainerItemProxy */ = {
			isa = PBXContainerItemProxy;
			containerPortal = 24260AA523DA87C100A0CB7F /* Project object */;
			proxyType = 1;
			remoteGlobalIDString = 24260AAC23DA87C100A0CB7F;
			remoteInfo = tipCalculator;
		};
		24260ACF23DA87C300A0CB7F /* PBXContainerItemProxy */ = {
			isa = PBXContainerItemProxy;
			containerPortal = 24260AA523DA87C100A0CB7F /* Project object */;
			proxyType = 1;
			remoteGlobalIDString = 24260AAC23DA87C100A0CB7F;
			remoteInfo = tipCalculator;
		};
/* End PBXContainerItemProxy section */

/* Begin PBXFileReference section */
		24260AAD23DA87C100A0CB7F /* tipCalculator.app */ = {isa = PBXFileReference; explicitFileType = wrapper.application; includeInIndex = 0; path = tipCalculator.app; sourceTree = BUILT_PRODUCTS_DIR; };
		24260AB023DA87C100A0CB7F /* AppDelegate.swift */ = {isa = PBXFileReference; lastKnownFileType = sourcecode.swift; path = AppDelegate.swift; sourceTree = "<group>"; };
		24260AB223DA87C100A0CB7F /* SceneDelegate.swift */ = {isa = PBXFileReference; lastKnownFileType = sourcecode.swift; path = SceneDelegate.swift; sourceTree = "<group>"; };
		24260AB423DA87C100A0CB7F /* ViewController.swift */ = {isa = PBXFileReference; lastKnownFileType = sourcecode.swift; path = ViewController.swift; sourceTree = "<group>"; };
		24260AB723DA87C100A0CB7F /* Base */ = {isa = PBXFileReference; lastKnownFileType = file.storyboard; name = Base; path = Base.lproj/Main.storyboard; sourceTree = "<group>"; };
		24260AB923DA87C200A0CB7F /* Assets.xcassets */ = {isa = PBXFileReference; lastKnownFileType = folder.assetcatalog; path = Assets.xcassets; sourceTree = "<group>"; };
		24260ABC23DA87C200A0CB7F /* Base */ = {isa = PBXFileReference; lastKnownFileType = file.storyboard; name = Base; path = Base.lproj/LaunchScreen.storyboard; sourceTree = "<group>"; };
		24260ABE23DA87C200A0CB7F /* Info.plist */ = {isa = PBXFileReference; lastKnownFileType = text.plist.xml; path = Info.plist; sourceTree = "<group>"; };
		24260AC323DA87C300A0CB7F /* tipCalculatorTests.xctest */ = {isa = PBXFileReference; explicitFileType = wrapper.cfbundle; includeInIndex = 0; path = tipCalculatorTests.xctest; sourceTree = BUILT_PRODUCTS_DIR; };
		24260AC723DA87C300A0CB7F /* tipCalculatorTests.swift */ = {isa = PBXFileReference; lastKnownFileType = sourcecode.swift; path = tipCalculatorTests.swift; sourceTree = "<group>"; };
		24260AC923DA87C300A0CB7F /* Info.plist */ = {isa = PBXFileReference; lastKnownFileType = text.plist.xml; path = Info.plist; sourceTree = "<group>"; };
		24260ACE23DA87C300A0CB7F /* tipCalculatorUITests.xctest */ = {isa = PBXFileReference; explicitFileType = wrapper.cfbundle; includeInIndex = 0; path = tipCalculatorUITests.xctest; sourceTree = BUILT_PRODUCTS_DIR; };
		24260AD223DA87C300A0CB7F /* tipCalculatorUITests.swift */ = {isa = PBXFileReference; lastKnownFileType = sourcecode.swift; path = tipCalculatorUITests.swift; sourceTree = "<group>"; };
		24260AD423DA87C300A0CB7F /* Info.plist */ = {isa = PBXFileReference; lastKnownFileType = text.plist.xml; path = Info.plist; sourceTree = "<group>"; };
/* End PBXFileReference section */

/* Begin PBXFrameworksBuildPhase section */
		24260AAA23DA87C100A0CB7F /* Frameworks */ = {
			isa = PBXFrameworksBuildPhase;
			buildActionMask = 2147483647;
			files = (
			);
			runOnlyForDeploymentPostprocessing = 0;
		};
		24260AC023DA87C300A0CB7F /* Frameworks */ = {
			isa = PBXFrameworksBuildPhase;
			buildActionMask = 2147483647;
			files = (
			);
			runOnlyForDeploymentPostprocessing = 0;
		};
		24260ACB23DA87C300A0CB7F /* Frameworks */ = {
			isa = PBXFrameworksBuildPhase;
			buildActionMask = 2147483647;
			files = (
			);
			runOnlyForDeploymentPostprocessing = 0;
		};
/* End PBXFrameworksBuildPhase section */

/* Begin PBXGroup section */
		24260AA423DA87C100A0CB7F = {
			isa = PBXGroup;
			children = (
				24260AAF23DA87C100A0CB7F /* tipCalculator */,
				24260AC623DA87C300A0CB7F /* tipCalculatorTests */,
				24260AD123DA87C300A0CB7F /* tipCalculatorUITests */,
				24260AAE23DA87C100A0CB7F /* Products */,
			);
			sourceTree = "<group>";
		};
		24260AAE23DA87C100A0CB7F /* Products */ = {
			isa = PBXGroup;
			children = (
				24260AAD23DA87C100A0CB7F /* tipCalculator.app */,
				24260AC323DA87C300A0CB7F /* tipCalculatorTests.xctest */,
				24260ACE23DA87C300A0CB7F /* tipCalculatorUITests.xctest */,
			);
			name = Products;
			sourceTree = "<group>";
		};
		24260AAF23DA87C100A0CB7F /* tipCalculator */ = {
			isa = PBXGroup;
			children = (
				24260AB023DA87C100A0CB7F /* AppDelegate.swift */,
				24260AB223DA87C100A0CB7F /* SceneDelegate.swift */,
				24260AB423DA87C100A0CB7F /* ViewController.swift */,
				24260AB623DA87C100A0CB7F /* Main.storyboard */,
				24260AB923DA87C200A0CB7F /* Assets.xcassets */,
				24260ABB23DA87C200A0CB7F /* LaunchScreen.storyboard */,
				24260ABE23DA87C200A0CB7F /* Info.plist */,
			);
			path = tipCalculator;
			sourceTree = "<group>";
		};
		24260AC623DA87C300A0CB7F /* tipCalculatorTests */ = {
			isa = PBXGroup;
			children = (
				24260AC723DA87C300A0CB7F /* tipCalculatorTests.swift */,
				24260AC923DA87C300A0CB7F /* Info.plist */,
			);
			path = tipCalculatorTests;
			sourceTree = "<group>";
		};
		24260AD123DA87C300A0CB7F /* tipCalculatorUITests */ = {
			isa = PBXGroup;
			children = (
				24260AD223DA87C300A0CB7F /* tipCalculatorUITests.swift */,
				24260AD423DA87C300A0CB7F /* Info.plist */,
			);
			path = tipCalculatorUITests;
			sourceTree = "<group>";
		};
/* End PBXGroup section */

/* Begin PBXNativeTarget section */
		24260AAC23DA87C100A0CB7F /* tipCalculator */ = {
			isa = PBXNativeTarget;
			buildConfigurationList = 24260AD723DA87C300A0CB7F /* Build configuration list for PBXNativeTarget "tipCalculator" */;
			buildPhases = (
				24260AA923DA87C100A0CB7F /* Sources */,
				24260AAA23DA87C100A0CB7F /* Frameworks */,
				24260AAB23DA87C100A0CB7F /* Resources */,
			);
			buildRules = (
			);
			dependencies = (
			);
			name = tipCalculator;
			productName = tipCalculator;
			productReference = 24260AAD23DA87C100A0CB7F /* tipCalculator.app */;
			productType = "com.apple.product-type.application";
		};
		24260AC223DA87C300A0CB7F /* tipCalculatorTests */ = {
			isa = PBXNativeTarget;
			buildConfigurationList = 24260ADA23DA87C300A0CB7F /* Build configuration list for PBXNativeTarget "tipCalculatorTests" */;
			buildPhases = (
				24260ABF23DA87C300A0CB7F /* Sources */,
				24260AC023DA87C300A0CB7F /* Frameworks */,
				24260AC123DA87C300A0CB7F /* Resources */,
			);
			buildRules = (
			);
			dependencies = (
				24260AC523DA87C300A0CB7F /* PBXTargetDependency */,
			);
			name = tipCalculatorTests;
			productName = tipCalculatorTests;
			productReference = 24260AC323DA87C300A0CB7F /* tipCalculatorTests.xctest */;
			productType = "com.apple.product-type.bundle.unit-test";
		};
		24260ACD23DA87C300A0CB7F /* tipCalculatorUITests */ = {
			isa = PBXNativeTarget;
			buildConfigurationList = 24260ADD23DA87C300A0CB7F /* Build configuration list for PBXNativeTarget "tipCalculatorUITests" */;
			buildPhases = (
				24260ACA23DA87C300A0CB7F /* Sources */,
				24260ACB23DA87C300A0CB7F /* Frameworks */,
				24260ACC23DA87C300A0CB7F /* Resources */,
			);
			buildRules = (
			);
			dependencies = (
				24260AD023DA87C300A0CB7F /* PBXTargetDependency */,
			);
			name = tipCalculatorUITests;
			productName = tipCalculatorUITests;
			productReference = 24260ACE23DA87C300A0CB7F /* tipCalculatorUITests.xctest */;
			productType = "com.apple.product-type.bundle.ui-testing";
		};
/* End PBXNativeTarget section */

/* Begin PBXProject section */
		24260AA523DA87C100A0CB7F /* Project object */ = {
			isa = PBXProject;
			attributes = {
				LastSwiftUpdateCheck = 1130;
				LastUpgradeCheck = 1130;
				ORGANIZATIONNAME = "Red Iris Productions";
				TargetAttributes = {
					24260AAC23DA87C100A0CB7F = {
						CreatedOnToolsVersion = 11.3.1;
					};
					24260AC223DA87C300A0CB7F = {
						CreatedOnToolsVersion = 11.3.1;
						TestTargetID = 24260AAC23DA87C100A0CB7F;
					};
					24260ACD23DA87C300A0CB7F = {
						CreatedOnToolsVersion = 11.3.1;
						TestTargetID = 24260AAC23DA87C100A0CB7F;
					};
				};
			};
			buildConfigurationList = 24260AA823DA87C100A0CB7F /* Build configuration list for PBXProject "tipCalculator" */;
			compatibilityVersion = "Xcode 9.3";
			developmentRegion = en;
			hasScannedForEncodings = 0;
			knownRegions = (
				en,
				Base,
			);
			mainGroup = 24260AA423DA87C100A0CB7F;
			productRefGroup = 24260AAE23DA87C100A0CB7F /* Products */;
			projectDirPath = "";
			projectRoot = "";
			targets = (
				24260AAC23DA87C100A0CB7F /* tipCalculator */,
				24260AC223DA87C300A0CB7F /* tipCalculatorTests */,
				24260ACD23DA87C300A0CB7F /* tipCalculatorUITests */,
			);
		};
/* End PBXProject section */

/* Begin PBXResourcesBuildPhase section */
		24260AAB23DA87C100A0CB7F /* Resources */ = {
			isa = PBXResourcesBuildPhase;
			buildActionMask = 2147483647;
			files = (
				24260ABD23DA87C200A0CB7F /* LaunchScreen.storyboard in Resources */,
				24260ABA23DA87C200A0CB7F /* Assets.xcassets in Resources */,
				24260AB823DA87C100A0CB7F /* Main.storyboard in Resources */,
			);
			runOnlyForDeploymentPostprocessing = 0;
		};
		24260AC123DA87C300A0CB7F /* Resources */ = {
			isa = PBXResourcesBuildPhase;
			buildActionMask = 2147483647;
			files = (
			);
			runOnlyForDeploymentPostprocessing = 0;
		};
		24260ACC23DA87C300A0CB7F /* Resources */ = {
			isa = PBXResourcesBuildPhase;
			buildActionMask = 2147483647;
			files = (
			);
			runOnlyForDeploymentPostprocessing = 0;
		};
/* End PBXResourcesBuildPhase section */

/* Begin PBXSourcesBuildPhase section */
		24260AA923DA87C100A0CB7F /* Sources */ = {
			isa = PBXSourcesBuildPhase;
			buildActionMask = 2147483647;
			files = (
				24260AB523DA87C100A0CB7F /* ViewController.swift in Sources */,
				24260AB123DA87C100A0CB7F /* AppDelegate.swift in Sources */,
				24260AB323DA87C100A0CB7F /* SceneDelegate.swift in Sources */,
			);
			runOnlyForDeploymentPostprocessing = 0;
		};
		24260ABF23DA87C300A0CB7F /* Sources */ = {
			isa = PBXSourcesBuildPhase;
			buildActionMask = 2147483647;
			files = (
				24260AC823DA87C300A0CB7F /* tipCalculatorTests.swift in Sources */,
			);
			runOnlyForDeploymentPostprocessing = 0;
		};
		24260ACA23DA87C300A0CB7F /* Sources */ = {
			isa = PBXSourcesBuildPhase;
			buildActionMask = 2147483647;
			files = (
				24260AD323DA87C300A0CB7F /* tipCalculatorUITests.swift in Sources */,
			);
			runOnlyForDeploymentPostprocessing = 0;
		};
/* End PBXSourcesBuildPhase section */

/* Begin PBXTargetDependency section */
		24260AC523DA87C300A0CB7F /* PBXTargetDependency */ = {
			isa = PBXTargetDependency;
			target = 24260AAC23DA87C100A0CB7F /* tipCalculator */;
			targetProxy = 24260AC423DA87C300A0CB7F /* PBXContainerItemProxy */;
		};
		24260AD023DA87C300A0CB7F /* PBXTargetDependency */ = {
			isa = PBXTargetDependency;
			target = 24260AAC23DA87C100A0CB7F /* tipCalculator */;
			targetProxy = 24260ACF23DA87C300A0CB7F /* PBXContainerItemProxy */;
		};
/* End PBXTargetDependency section */

/* Begin PBXVariantGroup section */
		24260AB623DA87C100A0CB7F /* Main.storyboard */ = {
			isa = PBXVariantGroup;
			children = (
				24260AB723DA87C100A0CB7F /* Base */,
			);
			name = Main.storyboard;
			sourceTree = "<group>";
		};
		24260ABB23DA87C200A0CB7F /* LaunchScreen.storyboard */ = {
			isa = PBXVariantGroup;
			children = (
				24260ABC23DA87C200A0CB7F /* Base */,
			);
			name = LaunchScreen.storyboard;
			sourceTree = "<group>";
		};
/* End PBXVariantGroup section */

/* Begin XCBuildConfiguration section */
		24260AD523DA87C300A0CB7F /* Debug */ = {
			isa = XCBuildConfiguration;
			buildSettings = {
				ALWAYS_SEARCH_USER_PATHS = NO;
				CLANG_ANALYZER_NONNULL = YES;
				CLANG_ANALYZER_NUMBER_OBJECT_CONVERSION = YES_AGGRESSIVE;
				CLANG_CXX_LANGUAGE_STANDARD = "gnu++14";
				CLANG_CXX_LIBRARY = "libc++";
				CLANG_ENABLE_MODULES = YES;
				CLANG_ENABLE_OBJC_ARC = YES;
				CLANG_ENABLE_OBJC_WEAK = YES;
				CLANG_WARN_BLOCK_CAPTURE_AUTORELEASING = YES;
				CLANG_WARN_BOOL_CONVERSION = YES;
				CLANG_WARN_COMMA = YES;
				CLANG_WARN_CONSTANT_CONVERSION = YES;
				CLANG_WARN_DEPRECATED_OBJC_IMPLEMENTATIONS = YES;
				CLANG_WARN_DIRECT_OBJC_ISA_USAGE = YES_ERROR;
				CLANG_WARN_DOCUMENTATION_COMMENTS = YES;
				CLANG_WARN_EMPTY_BODY = YES;
				CLANG_WARN_ENUM_CONVERSION = YES;
				CLANG_WARN_INFINITE_RECURSION = YES;
				CLANG_WARN_INT_CONVERSION = YES;
				CLANG_WARN_NON_LITERAL_NULL_CONVERSION = YES;
				CLANG_WARN_OBJC_IMPLICIT_RETAIN_SELF = YES;
				CLANG_WARN_OBJC_LITERAL_CONVERSION = YES;
				CLANG_WARN_OBJC_ROOT_CLASS = YES_ERROR;
				CLANG_WARN_RANGE_LOOP_ANALYSIS = YES;
				CLANG_WARN_STRICT_PROTOTYPES = YES;
				CLANG_WARN_SUSPICIOUS_MOVE = YES;
				CLANG_WARN_UNGUARDED_AVAILABILITY = YES_AGGRESSIVE;
				CLANG_WARN_UNREACHABLE_CODE = YES;
				CLANG_WARN__DUPLICATE_METHOD_MATCH = YES;
				COPY_PHASE_STRIP = NO;
				DEBUG_INFORMATION_FORMAT = dwarf;
				ENABLE_STRICT_OBJC_MSGSEND = YES;
				ENABLE_TESTABILITY = YES;
				GCC_C_LANGUAGE_STANDARD = gnu11;
				GCC_DYNAMIC_NO_PIC = NO;
				GCC_NO_COMMON_BLOCKS = YES;
				GCC_OPTIMIZATION_LEVEL = 0;
				GCC_PREPROCESSOR_DEFINITIONS = (
					"DEBUG=1",
					"$(inherited)",
				);
				GCC_WARN_64_TO_32_BIT_CONVERSION = YES;
				GCC_WARN_ABOUT_RETURN_TYPE = YES_ERROR;
				GCC_WARN_UNDECLARED_SELECTOR = YES;
				GCC_WARN_UNINITIALIZED_AUTOS = YES_AGGRESSIVE;
				GCC_WARN_UNUSED_FUNCTION = YES;
				GCC_WARN_UNUSED_VARIABLE = YES;
				IPHONEOS_DEPLOYMENT_TARGET = 13.2;
				MTL_ENABLE_DEBUG_INFO = INCLUDE_SOURCE;
				MTL_FAST_MATH = YES;
				ONLY_ACTIVE_ARCH = YES;
				SDKROOT = iphoneos;
				SWIFT_ACTIVE_COMPILATION_CONDITIONS = DEBUG;
				SWIFT_OPTIMIZATION_LEVEL = "-Onone";
			};
			name = Debug;
		};
		24260AD623DA87C300A0CB7F /* Release */ = {
			isa = XCBuildConfiguration;
			buildSettings = {
				ALWAYS_SEARCH_USER_PATHS = NO;
				CLANG_ANALYZER_NONNULL = YES;
				CLANG_ANALYZER_NUMBER_OBJECT_CONVERSION = YES_AGGRESSIVE;
				CLANG_CXX_LANGUAGE_STANDARD = "gnu++14";
				CLANG_CXX_LIBRARY = "libc++";
				CLANG_ENABLE_MODULES = YES;
				CLANG_ENABLE_OBJC_ARC = YES;
				CLANG_ENABLE_OBJC_WEAK = YES;
				CLANG_WARN_BLOCK_CAPTURE_AUTORELEASING = YES;
				CLANG_WARN_BOOL_CONVERSION = YES;
				CLANG_WARN_COMMA = YES;
				CLANG_WARN_CONSTANT_CONVERSION = YES;
				CLANG_WARN_DEPRECATED_OBJC_IMPLEMENTATIONS = YES;
				CLANG_WARN_DIRECT_OBJC_ISA_USAGE = YES_ERROR;
				CLANG_WARN_DOCUMENTATION_COMMENTS = YES;
				CLANG_WARN_EMPTY_BODY = YES;
				CLANG_WARN_ENUM_CONVERSION = YES;
				CLANG_WARN_INFINITE_RECURSION = YES;
				CLANG_WARN_INT_CONVERSION = YES;
				CLANG_WARN_NON_LITERAL_NULL_CONVERSION = YES;
				CLANG_WARN_OBJC_IMPLICIT_RETAIN_SELF = YES;
				CLANG_WARN_OBJC_LITERAL_CONVERSION = YES;
				CLANG_WARN_OBJC_ROOT_CLASS = YES_ERROR;
				CLANG_WARN_RANGE_LOOP_ANALYSIS = YES;
				CLANG_WARN_STRICT_PROTOTYPES = YES;
				CLANG_WARN_SUSPICIOUS_MOVE = YES;
				CLANG_WARN_UNGUARDED_AVAILABILITY = YES_AGGRESSIVE;
				CLANG_WARN_UNREACHABLE_CODE = YES;
				CLANG_WARN__DUPLICATE_METHOD_MATCH = YES;
				COPY_PHASE_STRIP = NO;
				DEBUG_INFORMATION_FORMAT = "dwarf-with-dsym";
				ENABLE_NS_ASSERTIONS = NO;
				ENABLE_STRICT_OBJC_MSGSEND = YES;
				GCC_C_LANGUAGE_STANDARD = gnu11;
				GCC_NO_COMMON_BLOCKS = YES;
				GCC_WARN_64_TO_32_BIT_CONVERSION = YES;
				GCC_WARN_ABOUT_RETURN_TYPE = YES_ERROR;
				GCC_WARN_UNDECLARED_SELECTOR = YES;
				GCC_WARN_UNINITIALIZED_AUTOS = YES_AGGRESSIVE;
				GCC_WARN_UNUSED_FUNCTION = YES;
				GCC_WARN_UNUSED_VARIABLE = YES;
				IPHONEOS_DEPLOYMENT_TARGET = 13.2;
				MTL_ENABLE_DEBUG_INFO = NO;
				MTL_FAST_MATH = YES;
				SDKROOT = iphoneos;
				SWIFT_COMPILATION_MODE = wholemodule;
				SWIFT_OPTIMIZATION_LEVEL = "-O";
				VALIDATE_PRODUCT = YES;
			};
			name = Release;
		};
		24260AD823DA87C300A0CB7F /* Debug */ = {
			isa = XCBuildConfiguration;
			buildSettings = {
				ASSETCATALOG_COMPILER_APPICON_NAME = AppIcon;
				CODE_SIGN_STYLE = Automatic;
				INFOPLIST_FILE = tipCalculator/Info.plist;
				LD_RUNPATH_SEARCH_PATHS = (
					"$(inherited)",
					"@executable_path/Frameworks",
				);
				PRODUCT_BUNDLE_IDENTIFIER = com.rip.tipCalculator;
				PRODUCT_NAME = "$(TARGET_NAME)";
				SWIFT_VERSION = 5.0;
				TARGETED_DEVICE_FAMILY = "1,2";
			};
			name = Debug;
		};
		24260AD923DA87C300A0CB7F /* Release */ = {
			isa = XCBuildConfiguration;
			buildSettings = {
				ASSETCATALOG_COMPILER_APPICON_NAME = AppIcon;
				CODE_SIGN_STYLE = Automatic;
				INFOPLIST_FILE = tipCalculator/Info.plist;
				LD_RUNPATH_SEARCH_PATHS = (
					"$(inherited)",
					"@executable_path/Frameworks",
				);
				PRODUCT_BUNDLE_IDENTIFIER = com.rip.tipCalculator;
				PRODUCT_NAME = "$(TARGET_NAME)";
				SWIFT_VERSION = 5.0;
				TARGETED_DEVICE_FAMILY = "1,2";
			};
			name = Release;
		};
		24260ADB23DA87C300A0CB7F /* Debug */ = {
			isa = XCBuildConfiguration;
			buildSettings = {
				ALWAYS_EMBED_SWIFT_STANDARD_LIBRARIES = YES;
				BUNDLE_LOADER = "$(TEST_HOST)";
				CODE_SIGN_STYLE = Automatic;
				INFOPLIST_FILE = tipCalculatorTests/Info.plist;
				IPHONEOS_DEPLOYMENT_TARGET = 13.2;
				LD_RUNPATH_SEARCH_PATHS = (
					"$(inherited)",
					"@executable_path/Frameworks",
					"@loader_path/Frameworks",
				);
				PRODUCT_BUNDLE_IDENTIFIER = com.rip.tipCalculatorTests;
				PRODUCT_NAME = "$(TARGET_NAME)";
				SWIFT_VERSION = 5.0;
				TARGETED_DEVICE_FAMILY = "1,2";
				TEST_HOST = "$(BUILT_PRODUCTS_DIR)/tipCalculator.app/tipCalculator";
			};
			name = Debug;
		};
		24260ADC23DA87C300A0CB7F /* Release */ = {
			isa = XCBuildConfiguration;
			buildSettings = {
				ALWAYS_EMBED_SWIFT_STANDARD_LIBRARIES = YES;
				BUNDLE_LOADER = "$(TEST_HOST)";
				CODE_SIGN_STYLE = Automatic;
				INFOPLIST_FILE = tipCalculatorTests/Info.plist;
				IPHONEOS_DEPLOYMENT_TARGET = 13.2;
				LD_RUNPATH_SEARCH_PATHS = (
					"$(inherited)",
					"@executable_path/Frameworks",
					"@loader_path/Frameworks",
				);
				PRODUCT_BUNDLE_IDENTIFIER = com.rip.tipCalculatorTests;
				PRODUCT_NAME = "$(TARGET_NAME)";
				SWIFT_VERSION = 5.0;
				TARGETED_DEVICE_FAMILY = "1,2";
				TEST_HOST = "$(BUILT_PRODUCTS_DIR)/tipCalculator.app/tipCalculator";
			};
			name = Release;
		};
		24260ADE23DA87C300A0CB7F /* Debug */ = {
			isa = XCBuildConfiguration;
			buildSettings = {
				ALWAYS_EMBED_SWIFT_STANDARD_LIBRARIES = YES;
				CODE_SIGN_STYLE = Automatic;
				INFOPLIST_FILE = tipCalculatorUITests/Info.plist;
				LD_RUNPATH_SEARCH_PATHS = (
					"$(inherited)",
					"@executable_path/Frameworks",
					"@loader_path/Frameworks",
				);
				PRODUCT_BUNDLE_IDENTIFIER = com.rip.tipCalculatorUITests;
				PRODUCT_NAME = "$(TARGET_NAME)";
				SWIFT_VERSION = 5.0;
				TARGETED_DEVICE_FAMILY = "1,2";
				TEST_TARGET_NAME = tipCalculator;
			};
			name = Debug;
		};
		24260ADF23DA87C300A0CB7F /* Release */ = {
			isa = XCBuildConfiguration;
			buildSettings = {
				ALWAYS_EMBED_SWIFT_STANDARD_LIBRARIES = YES;
				CODE_SIGN_STYLE = Automatic;
				INFOPLIST_FILE = tipCalculatorUITests/Info.plist;
				LD_RUNPATH_SEARCH_PATHS = (
					"$(inherited)",
					"@executable_path/Frameworks",
					"@loader_path/Frameworks",
				);
				PRODUCT_BUNDLE_IDENTIFIER = com.rip.tipCalculatorUITests;
				PRODUCT_NAME = "$(TARGET_NAME)";
				SWIFT_VERSION = 5.0;
				TARGETED_DEVICE_FAMILY = "1,2";
				TEST_TARGET_NAME = tipCalculator;
			};
			name = Release;
		};
/* End XCBuildConfiguration section */

/* Begin XCConfigurationList section */
		24260AA823DA87C100A0CB7F /* Build configuration list for PBXProject "tipCalculator" */ = {
			isa = XCConfigurationList;
			buildConfigurations = (
				24260AD523DA87C300A0CB7F /* Debug */,
				24260AD623DA87C300A0CB7F /* Release */,
			);
			defaultConfigurationIsVisible = 0;
			defaultConfigurationName = Release;
		};
		24260AD723DA87C300A0CB7F /* Build configuration list for PBXNativeTarget "tipCalculator" */ = {
			isa = XCConfigurationList;
			buildConfigurations = (
				24260AD823DA87C300A0CB7F /* Debug */,
				24260AD923DA87C300A0CB7F /* Release */,
			);
			defaultConfigurationIsVisible = 0;
			defaultConfigurationName = Release;
		};
		24260ADA23DA87C300A0CB7F /* Build configuration list for PBXNativeTarget "tipCalculatorTests" */ = {
			isa = XCConfigurationList;
			buildConfigurations = (
				24260ADB23DA87C300A0CB7F /* Debug */,
				24260ADC23DA87C300A0CB7F /* Release */,
			);
			defaultConfigurationIsVisible = 0;
			defaultConfigurationName = Release;
		};
		24260ADD23DA87C300A0CB7F /* Build configuration list for PBXNativeTarget "tipCalculatorUITests" */ = {
			isa = XCConfigurationList;
			buildConfigurations = (
				24260ADE23DA87C300A0CB7F /* Debug */,
				24260ADF23DA87C300A0CB7F /* Release */,
			);
			defaultConfigurationIsVisible = 0;
			defaultConfigurationName = Release;
		};
/* End XCConfigurationList section */
	};
	rootObject = 24260AA523DA87C100A0CB7F /* Project object */;
}
